Microsoft Visual Studio Solution File, Format Version 12.00
# Visual Studio Version 17
VisualStudioVersion = 17.13.35818.85
MinimumVisualStudioVersion = 10.0.40219.1
Project("{FAE04EC0-301F-11D3-BF4B-00C04F79EFBC}") = "TravelAgency", "TravelAgency\TravelAgency.csproj", "{61D5FCD8-9C70-45CB-911B-7D2B45DE0CE0}"
EndProject
Global
	GlobalSection(SolutionConfigurationPlatforms) = preSolution
		Debug|Any CPU = Debug|Any CPU
		Release|Any CPU = Release|Any CPU
	EndGlobalSection
	GlobalSection(ProjectConfigurationPlatforms) = postSolution
		{61D5FCD8-9C70-45CB-911B-7D2B45DE0CE0}.Debug|Any CPU.ActiveCfg = Debug|Any CPU
		{61D5FCD8-9C70-45CB-911B-7D2B45DE0CE0}.Debug|Any CPU.Build.0 = Debug|Any CPU
		{61D5FCD8-9C70-45CB-911B-7D2B45DE0CE0}.Release|Any CPU.ActiveCfg = Release|Any CPU
		{61D5FCD8-9C70-45CB-911B-7D2B45DE0CE0}.Release|Any CPU.Build.0 = Release|Any CPU
	EndGlobalSection
	GlobalSection(SolutionProperties) = preSolution
		HideSolutionNode = FALSE
	EndGlobalSection
	GlobalSection(ExtensibilityGlobals) = postSolution
		SolutionGuid = {E525C7C8-48E1-4732-A788-60AC4359DB3F}
	EndGlobalSection
EndGlobal
